
Microsoft Visual Studio Solution File, Format Version 12.00
# Visual Studio Version 16
VisualStudioVersion = 16.0.29020.237
MinimumVisualStudioVersion = 10.0.40219.1
Project("{FAE04EC0-301F-11D3-BF4B-00C04F79EFBC}") = "Flood_test", "Flood_test\Flood_test.csproj", "{B48B0DF6-D2A0-4DA4-9446-E3074B6C535D}"
EndProject
Global
	GlobalSection(SolutionConfigurationPlatforms) = preSolution
		Debug|Any CPU = Debug|Any CPU
		Release|Any CPU = Release|Any CPU
	EndGlobalSection
	GlobalSection(ProjectConfigurationPlatforms) = postSolution
		{B48B0DF6-D2A0-4DA4-9446-E3074B6C535D}.Debug|Any CPU.ActiveCfg = Debug|Any CPU
		{B48B0DF6-D2A0-4DA4-9446-E3074B6C535D}.Debug|Any CPU.Build.0 = Debug|Any CPU
		{B48B0DF6-D2A0-4DA4-9446-E3074B6C535D}.Release|Any CPU.ActiveCfg = Release|Any CPU
		{B48B0DF6-D2A0-4DA4-9446-E3074B6C535D}.Release|Any CPU.Build.0 = Release|Any CPU
	EndGlobalSection
	GlobalSection(SolutionProperties) = preSolution
		HideSolutionNode = FALSE
	EndGlobalSection
	GlobalSection(ExtensibilityGlobals) = postSolution
		SolutionGuid = {B5738630-883D-4189-9DBB-0DAA68BB8898}
	EndGlobalSection
EndGlobal
