
Microsoft Visual Studio Solution File, Format Version 12.00
# Visual Studio Version 16
VisualStudioVersion = 16.0.29020.237
MinimumVisualStudioVersion = 10.0.40219.1
Project("{FAE04EC0-301F-11D3-BF4B-00C04F79EFBC}") = "Presenter", "Presenter\Presenter.csproj", "{C049A61F-CC34-4B84-8D59-C6815D17DC85}"
EndProject
Project("{FAE04EC0-301F-11D3-BF4B-00C04F79EFBC}") = "Model", "Model\Model.csproj", "{B32C1579-6949-4DB6-8545-925F30E41490}"
EndProject
Project("{9A19103F-16F7-4668-BE54-9A1E7A4F7556}") = "Flood_test.Tests", "Flood_test.Tests\Flood_test.Tests.csproj", "{4A4AC717-3181-44A7-9092-812F9B464895}"
EndProject
Project("{FAE04EC0-301F-11D3-BF4B-00C04F79EFBC}") = "FormView", "FormView\FormView.csproj", "{B48B0DF6-D2A0-4DA4-9446-E3074B6C535D}"
EndProject
Global
	GlobalSection(SolutionConfigurationPlatforms) = preSolution
		Debug|Any CPU = Debug|Any CPU
		Release|Any CPU = Release|Any CPU
	EndGlobalSection
	GlobalSection(ProjectConfigurationPlatforms) = postSolution
		{C049A61F-CC34-4B84-8D59-C6815D17DC85}.Debug|Any CPU.ActiveCfg = Debug|Any CPU
		{C049A61F-CC34-4B84-8D59-C6815D17DC85}.Debug|Any CPU.Build.0 = Debug|Any CPU
		{C049A61F-CC34-4B84-8D59-C6815D17DC85}.Release|Any CPU.ActiveCfg = Release|Any CPU
		{C049A61F-CC34-4B84-8D59-C6815D17DC85}.Release|Any CPU.Build.0 = Release|Any CPU
		{B32C1579-6949-4DB6-8545-925F30E41490}.Debug|Any CPU.ActiveCfg = Debug|Any CPU
		{B32C1579-6949-4DB6-8545-925F30E41490}.Debug|Any CPU.Build.0 = Debug|Any CPU
		{B32C1579-6949-4DB6-8545-925F30E41490}.Release|Any CPU.ActiveCfg = Release|Any CPU
		{B32C1579-6949-4DB6-8545-925F30E41490}.Release|Any CPU.Build.0 = Release|Any CPU
		{4A4AC717-3181-44A7-9092-812F9B464895}.Debug|Any CPU.ActiveCfg = Debug|Any CPU
		{4A4AC717-3181-44A7-9092-812F9B464895}.Debug|Any CPU.Build.0 = Debug|Any CPU
		{4A4AC717-3181-44A7-9092-812F9B464895}.Release|Any CPU.ActiveCfg = Release|Any CPU
		{4A4AC717-3181-44A7-9092-812F9B464895}.Release|Any CPU.Build.0 = Release|Any CPU
		{B48B0DF6-D2A0-4DA4-9446-E3074B6C535D}.Debug|Any CPU.ActiveCfg = Debug|Any CPU
		{B48B0DF6-D2A0-4DA4-9446-E3074B6C535D}.Debug|Any CPU.Build.0 = Debug|Any CPU
		{B48B0DF6-D2A0-4DA4-9446-E3074B6C535D}.Release|Any CPU.ActiveCfg = Release|Any CPU
		{B48B0DF6-D2A0-4DA4-9446-E3074B6C535D}.Release|Any CPU.Build.0 = Release|Any CPU
	EndGlobalSection
	GlobalSection(SolutionProperties) = preSolution
		HideSolutionNode = FALSE
	EndGlobalSection
	GlobalSection(ExtensibilityGlobals) = postSolution
		SolutionGuid = {B5738630-883D-4189-9DBB-0DAA68BB8898}
	EndGlobalSection
EndGlobal
